
Microsoft Visual Studio Solution File, Format Version 12.00
# Visual Studio Version 17
VisualStudioVersion = 17.8.34330.188
MinimumVisualStudioVersion = 10.0.40219.1
Project("{9A19103F-16F7-4668-BE54-9A1E7A4F7556}") = "GithubActions", "GithubActions\GithubActions.csproj", "{A6266A85-643A-4B8A-BFD0-8468213895F5}"
EndProject
Global
	GlobalSection(SolutionConfigurationPlatforms) = preSolution
		Debug|Any CPU = Debug|Any CPU
		Release|Any CPU = Release|Any CPU
	EndGlobalSection
	GlobalSection(ProjectConfigurationPlatforms) = postSolution
		{A6266A85-643A-4B8A-BFD0-8468213895F5}.Debug|Any CPU.ActiveCfg = Debug|Any CPU
		{A6266A85-643A-4B8A-BFD0-8468213895F5}.Debug|Any CPU.Build.0 = Debug|Any CPU
		{A6266A85-643A-4B8A-BFD0-8468213895F5}.Release|Any CPU.ActiveCfg = Release|Any CPU
		{A6266A85-643A-4B8A-BFD0-8468213895F5}.Release|Any CPU.Build.0 = Release|Any CPU
	EndGlobalSection
	GlobalSection(SolutionProperties) = preSolution
		HideSolutionNode = FALSE
	EndGlobalSection
	GlobalSection(ExtensibilityGlobals) = postSolution
		SolutionGuid = {8081629F-BA9D-4B05-8695-E2BA1754C35A}
	EndGlobalSection
EndGlobal
